
Microsoft Visual Studio Solution File, Format Version 12.00
# Visual Studio Version 16
VisualStudioVersion = 16.0.31605.320
MinimumVisualStudioVersion = 10.0.40219.1
Project("{9A19103F-16F7-4668-BE54-9A1E7A4F7556}") = "Business", "Business\Business.csproj", "{7F9A8B9F-C17C-4114-BA86-8599B2B96619}"
EndProject
Project("{9A19103F-16F7-4668-BE54-9A1E7A4F7556}") = "ConsoleApp1", "ConsoleApp1\ConsoleApp1.csproj", "{380496EA-9E56-4D09-B3AB-4E4F872FBF4E}"
EndProject
Project("{9A19103F-16F7-4668-BE54-9A1E7A4F7556}") = "WebApplication1", "WebApplication1\WebApplication1.csproj", "{C9ACE49E-7AE8-473A-91DD-CBDEBB87FFED}"
EndProject
Project("{9A19103F-16F7-4668-BE54-9A1E7A4F7556}") = "Entities", "Entities\Entities.csproj", "{16370337-A780-448F-B35E-72D7CA1CA432}"
EndProject
Project("{9A19103F-16F7-4668-BE54-9A1E7A4F7556}") = "DataAccess", "DataAccess\DataAccess.csproj", "{9DFB7645-A4BF-4AC4-999D-16E3CAEFC01D}"
EndProject
Project("{FAE04EC0-301F-11D3-BF4B-00C04F79EFBC}") = "UI", "UI\UI.csproj", "{69C1F882-B042-4AD2-8A3D-7E41A90BE609}"
EndProject
Global
	GlobalSection(SolutionConfigurationPlatforms) = preSolution
		Debug|Any CPU = Debug|Any CPU
		Release|Any CPU = Release|Any CPU
	EndGlobalSection
	GlobalSection(ProjectConfigurationPlatforms) = postSolution
		{7F9A8B9F-C17C-4114-BA86-8599B2B96619}.Debug|Any CPU.ActiveCfg = Debug|Any CPU
		{7F9A8B9F-C17C-4114-BA86-8599B2B96619}.Debug|Any CPU.Build.0 = Debug|Any CPU
		{7F9A8B9F-C17C-4114-BA86-8599B2B96619}.Release|Any CPU.ActiveCfg = Release|Any CPU
		{7F9A8B9F-C17C-4114-BA86-8599B2B96619}.Release|Any CPU.Build.0 = Release|Any CPU
		{380496EA-9E56-4D09-B3AB-4E4F872FBF4E}.Debug|Any CPU.ActiveCfg = Debug|Any CPU
		{380496EA-9E56-4D09-B3AB-4E4F872FBF4E}.Debug|Any CPU.Build.0 = Debug|Any CPU
		{380496EA-9E56-4D09-B3AB-4E4F872FBF4E}.Release|Any CPU.ActiveCfg = Release|Any CPU
		{380496EA-9E56-4D09-B3AB-4E4F872FBF4E}.Release|Any CPU.Build.0 = Release|Any CPU
		{C9ACE49E-7AE8-473A-91DD-CBDEBB87FFED}.Debug|Any CPU.ActiveCfg = Debug|Any CPU
		{C9ACE49E-7AE8-473A-91DD-CBDEBB87FFED}.Debug|Any CPU.Build.0 = Debug|Any CPU
		{C9ACE49E-7AE8-473A-91DD-CBDEBB87FFED}.Release|Any CPU.ActiveCfg = Release|Any CPU
		{C9ACE49E-7AE8-473A-91DD-CBDEBB87FFED}.Release|Any CPU.Build.0 = Release|Any CPU
		{16370337-A780-448F-B35E-72D7CA1CA432}.Debug|Any CPU.ActiveCfg = Debug|Any CPU
		{16370337-A780-448F-B35E-72D7CA1CA432}.Debug|Any CPU.Build.0 = Debug|Any CPU
		{16370337-A780-448F-B35E-72D7CA1CA432}.Release|Any CPU.ActiveCfg = Release|Any CPU
		{16370337-A780-448F-B35E-72D7CA1CA432}.Release|Any CPU.Build.0 = Release|Any CPU
		{9DFB7645-A4BF-4AC4-999D-16E3CAEFC01D}.Debug|Any CPU.ActiveCfg = Debug|Any CPU
		{9DFB7645-A4BF-4AC4-999D-16E3CAEFC01D}.Debug|Any CPU.Build.0 = Debug|Any CPU
		{9DFB7645-A4BF-4AC4-999D-16E3CAEFC01D}.Release|Any CPU.ActiveCfg = Release|Any CPU
		{9DFB7645-A4BF-4AC4-999D-16E3CAEFC01D}.Release|Any CPU.Build.0 = Release|Any CPU
		{69C1F882-B042-4AD2-8A3D-7E41A90BE609}.Debug|Any CPU.ActiveCfg = Debug|Any CPU
		{69C1F882-B042-4AD2-8A3D-7E41A90BE609}.Debug|Any CPU.Build.0 = Debug|Any CPU
		{69C1F882-B042-4AD2-8A3D-7E41A90BE609}.Release|Any CPU.ActiveCfg = Release|Any CPU
		{69C1F882-B042-4AD2-8A3D-7E41A90BE609}.Release|Any CPU.Build.0 = Release|Any CPU
	EndGlobalSection
	GlobalSection(SolutionProperties) = preSolution
		HideSolutionNode = FALSE
	EndGlobalSection
	GlobalSection(ExtensibilityGlobals) = postSolution
		SolutionGuid = {315E1F1B-5578-4436-80AA-E24B116D4810}
	EndGlobalSection
EndGlobal
